// !$*UTF8*$!
{
	archiveVersion = 1;
	classes = {
	};
	objectVersion = 46;
	objects = {

/* Begin PBXBuildFile section */
		1C760E0F1D52D23000779939 /* main.m in Sources */ = {isa = PBXBuildFile; fileRef = 1C760E0E1D52D23000779939 /* main.m */; };
		1C760E121D52D23000779939 /* AppDelegate.m in Sources */ = {isa = PBXBuildFile; fileRef = 1C760E111D52D23000779939 /* AppDelegate.m */; };
		1C760E151D52D23000779939 /* ViewController.m in Sources */ = {isa = PBXBuildFile; fileRef = 1C760E141D52D23000779939 /* ViewController.m */; };
		1C760E181D52D23000779939 /* Main.storyboard in Resources */ = {isa = PBXBuildFile; fileRef = 1C760E161D52D23000779939 /* Main.storyboard */; };
		1C760E1A1D52D23000779939 /* Assets.xcassets in Resources */ = {isa = PBXBuildFile; fileRef = 1C760E191D52D23000779939 /* Assets.xcassets */; };
		1C760E1D1D52D23000779939 /* LaunchScreen.storyboard in Resources */ = {isa = PBXBuildFile; fileRef = 1C760E1B1D52D23000779939 /* LaunchScreen.storyboard */; };
		1C760E251D52D29C00779939 /* UXBlockButton.m in Sources */ = {isa = PBXBuildFile; fileRef = 1C760E241D52D29C00779939 /* UXBlockButton.m */; };
/* End PBXBuildFile section */

/* Begin PBXFileReference section */
		1C760E0A1D52D23000779939 /* UXBlockButton.app */ = {isa = PBXFileReference; explicitFileType = wrapper.application; includeInIndex = 0; path = UXBlockButton.app; sourceTree = BUILT_PRODUCTS_DIR; };
		1C760E0E1D52D23000779939 /* main.m */ = {isa = PBXFileReference; lastKnownFileType = sourcecode.c.objc; path = main.m; sourceTree = "<group>"; };
		1C760E101D52D23000779939 /* AppDelegate.h */ = {isa = PBXFileReference; lastKnownFileType = sourcecode.c.h; path = AppDelegate.h; sourceTree = "<group>"; };
		1C760E111D52D23000779939 /* AppDelegate.m */ = {isa = PBXFileReference; lastKnownFileType = sourcecode.c.objc; path = AppDelegate.m; sourceTree = "<group>"; };
		1C760E131D52D23000779939 /* ViewController.h */ = {isa = PBXFileReference; lastKnownFileType = sourcecode.c.h; path = ViewController.h; sourceTree = "<group>"; };
		1C760E141D52D23000779939 /* ViewController.m */ = {isa = PBXFileReference; lastKnownFileType = sourcecode.c.objc; path = ViewController.m; sourceTree = "<group>"; };
		1C760E171D52D23000779939 /* Base */ = {isa = PBXFileReference; lastKnownFileType = file.storyboard; name = Base; path = Base.lproj/Main.storyboard; sourceTree = "<group>"; };
		1C760E191D52D23000779939 /* Assets.xcassets */ = {isa = PBXFileReference; lastKnownFileType = folder.assetcatalog; path = Assets.xcassets; sourceTree = "<group>"; };
		1C760E1C1D52D23000779939 /* Base */ = {isa = PBXFileReference; lastKnownFileType = file.storyboard; name = Base; path = Base.lproj/LaunchScreen.storyboard; sourceTree = "<group>"; };
		1C760E1E1D52D23000779939 /* Info.plist */ = {isa = PBXFileReference; lastKnownFileType = text.plist.xml; path = Info.plist; sourceTree = "<group>"; };
		1C760E241D52D29C00779939 /* UXBlockButton.m */ = {isa = PBXFileReference; fileEncoding = 4; lastKnownFileType = sourcecode.c.objc; path = UXBlockButton.m; sourceTree = "<group>"; };
		1C760E271D52D2B900779939 /* UXBlockButton.h */ = {isa = PBXFileReference; lastKnownFileType = sourcecode.c.h; path = UXBlockButton.h; sourceTree = "<group>"; };
/* End PBXFileReference section */

/* Begin PBXFrameworksBuildPhase section */
		1C760E071D52D23000779939 /* Frameworks */ = {
			isa = PBXFrameworksBuildPhase;
			buildActionMask = 2147483647;
			files = (
			);
			runOnlyForDeploymentPostprocessing = 0;
		};
/* End PBXFrameworksBuildPhase section */

/* Begin PBXGroup section */
		1C760E011D52D23000779939 = {
			isa = PBXGroup;
			children = (
				1C760E0C1D52D23000779939 /* UXBlockButton */,
				1C760E0B1D52D23000779939 /* Products */,
			);
			sourceTree = "<group>";
		};
		1C760E0B1D52D23000779939 /* Products */ = {
			isa = PBXGroup;
			children = (
				1C760E0A1D52D23000779939 /* UXBlockButton.app */,
			);
			name = Products;
			sourceTree = "<group>";
		};
		1C760E0C1D52D23000779939 /* UXBlockButton */ = {
			isa = PBXGroup;
			children = (
				1C760E261D52D2A300779939 /* UIBlockButton */,
				1C760E101D52D23000779939 /* AppDelegate.h */,
				1C760E111D52D23000779939 /* AppDelegate.m */,
				1C760E131D52D23000779939 /* ViewController.h */,
				1C760E141D52D23000779939 /* ViewController.m */,
				1C760E161D52D23000779939 /* Main.storyboard */,
				1C760E191D52D23000779939 /* Assets.xcassets */,
				1C760E1B1D52D23000779939 /* LaunchScreen.storyboard */,
				1C760E1E1D52D23000779939 /* Info.plist */,
				1C760E0D1D52D23000779939 /* Supporting Files */,
			);
			path = UXBlockButton;
			sourceTree = "<group>";
		};
		1C760E0D1D52D23000779939 /* Supporting Files */ = {
			isa = PBXGroup;
			children = (
				1C760E0E1D52D23000779939 /* main.m */,
			);
			name = "Supporting Files";
			sourceTree = "<group>";
		};
		1C760E261D52D2A300779939 /* UIBlockButton */ = {
			isa = PBXGroup;
			children = (
				1C760E271D52D2B900779939 /* UXBlockButton.h */,
				1C760E241D52D29C00779939 /* UXBlockButton.m */,
			);
			name = UIBlockButton;
			sourceTree = "<group>";
		};
/* End PBXGroup section */

/* Begin PBXNativeTarget section */
		1C760E091D52D23000779939 /* UXBlockButton */ = {
			isa = PBXNativeTarget;
			buildConfigurationList = 1C760E211D52D23000779939 /* Build configuration list for PBXNativeTarget "UXBlockButton" */;
			buildPhases = (
				1C760E061D52D23000779939 /* Sources */,
				1C760E071D52D23000779939 /* Frameworks */,
				1C760E081D52D23000779939 /* Resources */,
			);
			buildRules = (
			);
			dependencies = (
			);
			name = UXBlockButton;
			productName = UXBlockButton;
			productReference = 1C760E0A1D52D23000779939 /* UXBlockButton.app */;
			productType = "com.apple.product-type.application";
		};
/* End PBXNativeTarget section */

/* Begin PBXProject section */
		1C760E021D52D23000779939 /* Project object */ = {
			isa = PBXProject;
			attributes = {
				LastUpgradeCheck = 0730;
				ORGANIZATIONNAME = frank.lin;
				TargetAttributes = {
					1C760E091D52D23000779939 = {
						CreatedOnToolsVersion = 7.3.1;
					};
				};
			};
			buildConfigurationList = 1C760E051D52D23000779939 /* Build configuration list for PBXProject "UXBlockButton" */;
			compatibilityVersion = "Xcode 3.2";
			developmentRegion = English;
			hasScannedForEncodings = 0;
			knownRegions = (
				en,
				Base,
			);
			mainGroup = 1C760E011D52D23000779939;
			productRefGroup = 1C760E0B1D52D23000779939 /* Products */;
			projectDirPath = "";
			projectRoot = "";
			targets = (
				1C760E091D52D23000779939 /* UXBlockButton */,
			);
		};
/* End PBXProject section */

/* Begin PBXResourcesBuildPhase section */
		1C760E081D52D23000779939 /* Resources */ = {
			isa = PBXResourcesBuildPhase;
			buildActionMask = 2147483647;
			files = (
				1C760E1D1D52D23000779939 /* LaunchScreen.storyboard in Resources */,
				1C760E1A1D52D23000779939 /* Assets.xcassets in Resources */,
				1C760E181D52D23000779939 /* Main.storyboard in Resources */,
			);
			runOnlyForDeploymentPostprocessing = 0;
		};
/* End PBXResourcesBuildPhase section */

/* Begin PBXSourcesBuildPhase section */
		1C760E061D52D23000779939 /* Sources */ = {
			isa = PBXSourcesBuildPhase;
			buildActionMask = 2147483647;
			files = (
				1C760E151D52D23000779939 /* ViewController.m in Sources */,
				1C760E121D52D23000779939 /* AppDelegate.m in Sources */,
				1C760E251D52D29C00779939 /* UXBlockButton.m in Sources */,
				1C760E0F1D52D23000779939 /* main.m in Sources */,
			);
			runOnlyForDeploymentPostprocessing = 0;
		};
/* End PBXSourcesBuildPhase section */

/* Begin PBXVariantGroup section */
		1C760E161D52D23000779939 /* Main.storyboard */ = {
			isa = PBXVariantGroup;
			children = (
				1C760E171D52D23000779939 /* Base */,
			);
			name = Main.storyboard;
			sourceTree = "<group>";
		};
		1C760E1B1D52D23000779939 /* LaunchScreen.storyboard */ = {
			isa = PBXVariantGroup;
			children = (
				1C760E1C1D52D23000779939 /* Base */,
			);
			name = LaunchScreen.storyboard;
			sourceTree = "<group>";
		};
/* End PBXVariantGroup section */

/* Begin XCBuildConfiguration section */
		1C760E1F1D52D23000779939 /* Debug */ = {
			isa = XCBuildConfiguration;
			buildSettings = {
				ALWAYS_SEARCH_USER_PATHS = NO;
				CLANG_ANALYZER_NONNULL = YES;
				CLANG_CXX_LANGUAGE_STANDARD = "gnu++0x";
				CLANG_CXX_LIBRARY = "libc++";
				CLANG_ENABLE_MODULES = YES;
				CLANG_ENABLE_OBJC_ARC = YES;
				CLANG_WARN_BOOL_CONVERSION = YES;
				CLANG_WARN_CONSTANT_CONVERSION = YES;
				CLANG_WARN_DIRECT_OBJC_ISA_USAGE = YES_ERROR;
				CLANG_WARN_EMPTY_BODY = YES;
				CLANG_WARN_ENUM_CONVERSION = YES;
				CLANG_WARN_INT_CONVERSION = YES;
				CLANG_WARN_OBJC_ROOT_CLASS = YES_ERROR;
				CLANG_WARN_UNREACHABLE_CODE = YES;
				CLANG_WARN__DUPLICATE_METHOD_MATCH = YES;
				"CODE_SIGN_IDENTITY[sdk=iphoneos*]" = "iPhone Developer";
				COPY_PHASE_STRIP = NO;
				DEBUG_INFORMATION_FORMAT = dwarf;
				ENABLE_STRICT_OBJC_MSGSEND = YES;
				ENABLE_TESTABILITY = YES;
				GCC_C_LANGUAGE_STANDARD = gnu99;
				GCC_DYNAMIC_NO_PIC = NO;
				GCC_NO_COMMON_BLOCKS = YES;
				GCC_OPTIMIZATION_LEVEL = 0;
				GCC_PREPROCESSOR_DEFINITIONS = (
					"DEBUG=1",
					"$(inherited)",
				);
				GCC_WARN_64_TO_32_BIT_CONVERSION = YES;
				GCC_WARN_ABOUT_RETURN_TYPE = YES_ERROR;
				GCC_WARN_UNDECLARED_SELECTOR = YES;
				GCC_WARN_UNINITIALIZED_AUTOS = YES_AGGRESSIVE;
				GCC_WARN_UNUSED_FUNCTION = YES;
				GCC_WARN_UNUSED_VARIABLE = YES;
				IPHONEOS_DEPLOYMENT_TARGET = 9.3;
				MTL_ENABLE_DEBUG_INFO = YES;
				ONLY_ACTIVE_ARCH = YES;
				SDKROOT = iphoneos;
			};
			name = Debug;
		};
		1C760E201D52D23000779939 /* Release */ = {
			isa = XCBuildConfiguration;
			buildSettings = {
				ALWAYS_SEARCH_USER_PATHS = NO;
				CLANG_ANALYZER_NONNULL = YES;
				CLANG_CXX_LANGUAGE_STANDARD = "gnu++0x";
				CLANG_CXX_LIBRARY = "libc++";
				CLANG_ENABLE_MODULES = YES;
				CLANG_ENABLE_OBJC_ARC = YES;
				CLANG_WARN_BOOL_CONVERSION = YES;
				CLANG_WARN_CONSTANT_CONVERSION = YES;
				CLANG_WARN_DIRECT_OBJC_ISA_USAGE = YES_ERROR;
				CLANG_WARN_EMPTY_BODY = YES;
				CLANG_WARN_ENUM_CONVERSION = YES;
				CLANG_WARN_INT_CONVERSION = YES;
				CLANG_WARN_OBJC_ROOT_CLASS = YES_ERROR;
				CLANG_WARN_UNREACHABLE_CODE = YES;
				CLANG_WARN__DUPLICATE_METHOD_MATCH = YES;
				"CODE_SIGN_IDENTITY[sdk=iphoneos*]" = "iPhone Developer";
				COPY_PHASE_STRIP = NO;
				DEBUG_INFORMATION_FORMAT = "dwarf-with-dsym";
				ENABLE_NS_ASSERTIONS = NO;
				ENABLE_STRICT_OBJC_MSGSEND = YES;
				GCC_C_LANGUAGE_STANDARD = gnu99;
				GCC_NO_COMMON_BLOCKS = YES;
				GCC_WARN_64_TO_32_BIT_CONVERSION = YES;
				GCC_WARN_ABOUT_RETURN_TYPE = YES_ERROR;
				GCC_WARN_UNDECLARED_SELECTOR = YES;
				GCC_WARN_UNINITIALIZED_AUTOS = YES_AGGRESSIVE;
				GCC_WARN_UNUSED_FUNCTION = YES;
				GCC_WARN_UNUSED_VARIABLE = YES;
				IPHONEOS_DEPLOYMENT_TARGET = 9.3;
				MTL_ENABLE_DEBUG_INFO = NO;
				SDKROOT = iphoneos;
				VALIDATE_PRODUCT = YES;
			};
			name = Release;
		};
		1C760E221D52D23000779939 /* Debug */ = {
			isa = XCBuildConfiguration;
			buildSettings = {
				ASSETCATALOG_COMPILER_APPICON_NAME = AppIcon;
				INFOPLIST_FILE = UXBlockButton/Info.plist;
				LD_RUNPATH_SEARCH_PATHS = "$(inherited) @executable_path/Frameworks";
				PRODUCT_BUNDLE_IDENTIFIER = com.uxin.frank.lin.UXBlockButton;
				PRODUCT_NAME = "$(TARGET_NAME)";
			};
			name = Debug;
		};
		1C760E231D52D23000779939 /* Release */ = {
			isa = XCBuildConfiguration;
			buildSettings = {
				ASSETCATALOG_COMPILER_APPICON_NAME = AppIcon;
				INFOPLIST_FILE = UXBlockButton/Info.plist;
				LD_RUNPATH_SEARCH_PATHS = "$(inherited) @executable_path/Frameworks";
				PRODUCT_BUNDLE_IDENTIFIER = com.uxin.frank.lin.UXBlockButton;
				PRODUCT_NAME = "$(TARGET_NAME)";
			};
			name = Release;
		};
/* End XCBuildConfiguration section */

/* Begin XCConfigurationList section */
		1C760E051D52D23000779939 /* Build configuration list for PBXProject "UXBlockButton" */ = {
			isa = XCConfigurationList;
			buildConfigurations = (
				1C760E1F1D52D23000779939 /* Debug */,
				1C760E201D52D23000779939 /* Release */,
			);
			defaultConfigurationIsVisible = 0;
			defaultConfigurationName = Release;
		};
		1C760E211D52D23000779939 /* Build configuration list for PBXNativeTarget "UXBlockButton" */ = {
			isa = XCConfigurationList;
			buildConfigurations = (
				1C760E221D52D23000779939 /* Debug */,
				1C760E231D52D23000779939 /* Release */,
			);
			defaultConfigurationIsVisible = 0;
		};
/* End XCConfigurationList section */
	};
	rootObject = 1C760E021D52D23000779939 /* Project object */;
}
